
Microsoft Visual Studio Solution File, Format Version 12.00
# Visual Studio Version 17
VisualStudioVersion = 17.10.34804.81
MinimumVisualStudioVersion = 10.0.40219.1
Project("{9A19103F-16F7-4668-BE54-9A1E7A4F7556}") = "dRofusClient", ".\src\dRofusClient\dRofusClient.csproj", "{1A990CB8-13F2-4FA1-A932-652706FB9A6A}"
EndProject
Project("{9A19103F-16F7-4668-BE54-9A1E7A4F7556}") = "dRofusClient.WindowsCredentials", ".\src\dRofusClient.WindowsCredentials\dRofusClient.WindowsCredentials.csproj", "{8FB406C2-CA8C-4561-8A6F-3CCAD6FF3B96}"
EndProject
Project("{2150E333-8FDC-42A3-9474-1A3956D46DE8}") = "Tests", "Tests", "{6E7F01A0-E6F3-4D22-A8AA-643F61BF3CB5}"
EndProject
Project("{9A19103F-16F7-4668-BE54-9A1E7A4F7556}") = "dRofusClient.Tests", ".\src\dRofusClient.Tests\dRofusClient.Tests.csproj", "{FA21EE0E-EA32-4F8D-B2F1-1A039CC2A9BB}"
EndProject
Global
	GlobalSection(SolutionConfigurationPlatforms) = preSolution
		Debug|Any CPU = Debug|Any CPU
		Release|Any CPU = Release|Any CPU
	EndGlobalSection
	GlobalSection(ProjectConfigurationPlatforms) = postSolution
		{1A990CB8-13F2-4FA1-A932-652706FB9A6A}.Debug|Any CPU.ActiveCfg = Debug|Any CPU
		{1A990CB8-13F2-4FA1-A932-652706FB9A6A}.Debug|Any CPU.Build.0 = Debug|Any CPU
		{1A990CB8-13F2-4FA1-A932-652706FB9A6A}.Release|Any CPU.ActiveCfg = Release|Any CPU
		{1A990CB8-13F2-4FA1-A932-652706FB9A6A}.Release|Any CPU.Build.0 = Release|Any CPU
		{8FB406C2-CA8C-4561-8A6F-3CCAD6FF3B96}.Debug|Any CPU.ActiveCfg = Debug|Any CPU
		{8FB406C2-CA8C-4561-8A6F-3CCAD6FF3B96}.Debug|Any CPU.Build.0 = Debug|Any CPU
		{8FB406C2-CA8C-4561-8A6F-3CCAD6FF3B96}.Release|Any CPU.ActiveCfg = Release|Any CPU
		{8FB406C2-CA8C-4561-8A6F-3CCAD6FF3B96}.Release|Any CPU.Build.0 = Release|Any CPU
		{FA21EE0E-EA32-4F8D-B2F1-1A039CC2A9BB}.Debug|Any CPU.ActiveCfg = Debug|Any CPU
		{FA21EE0E-EA32-4F8D-B2F1-1A039CC2A9BB}.Debug|Any CPU.Build.0 = Debug|Any CPU
		{FA21EE0E-EA32-4F8D-B2F1-1A039CC2A9BB}.Release|Any CPU.ActiveCfg = Release|Any CPU
		{FA21EE0E-EA32-4F8D-B2F1-1A039CC2A9BB}.Release|Any CPU.Build.0 = Release|Any CPU
	EndGlobalSection
	GlobalSection(SolutionProperties) = preSolution
		HideSolutionNode = FALSE
	EndGlobalSection
	GlobalSection(NestedProjects) = preSolution
		{FA21EE0E-EA32-4F8D-B2F1-1A039CC2A9BB} = {6E7F01A0-E6F3-4D22-A8AA-643F61BF3CB5}
	EndGlobalSection
	GlobalSection(ExtensibilityGlobals) = postSolution
		SolutionGuid = {F1336663-7D9B-4A04-8CC5-0E4909463306}
	EndGlobalSection
EndGlobal
